<?xml version="1.0" encoding="utf-8"?>
<Project ToolsVersion="4.0" xmlns="http://schemas.microsoft.com/developer/msbuild/2003">
  <ItemGroup>
    <Filter Include="Source Files">
      <UniqueIdentifier>{4FC737F1-C7A5-4376-A066-2A32D752A2FF}</UniqueIdentifier>
      <Extensions>cpp;c;cc;cxx;c++;cppm;ixx;def;odl;idl;hpj;bat;asm;asmx</Extensions>
    </Filter>
    <Filter Include="Header Files">
      <UniqueIdentifier>{93995380-89BD-4b04-88EB-625FBE52EBFB}</UniqueIdentifier>
      <Extensions>h;hh;hpp;hxx;h++;hm;inl;inc;ipp;xsd</Extensions>
    </Filter>
    <Filter Include="Resource Files">
      <UniqueIdentifier>{67DA6AB6-F800-4c08-8B7A-83BB121AAD01}</UniqueIdentifier>
      <Extensions>rc;ico;cur;bmp;dlg;rc2;rct;bin;rgs;gif;jpg;jpeg;jpe;resx;tiff;tif;png;wav;mfcribbon-ms</Extensions>
    </Filter>
    <Filter Include="2DPlot">
      <UniqueIdentifier>{e66f3556-bc93-4254-b51a-155e6d229584}</UniqueIdentifier>
    </Filter>
  </ItemGroup>
  <ItemGroup>
    <ClInclude Include="StageInstrument.h">
      <Filter>Header Files</Filter>
    </ClInclude>
    <ClInclude Include="framework.h">
      <Filter>Header Files</Filter>
    </ClInclude>
    <ClInclude Include="targetver.h">
      <Filter>Header Files</Filter>
    </ClInclude>
    <ClInclude Include="MainFrm.h">
      <Filter>Header Files</Filter>
    </ClInclude>
    <ClInclude Include="ChildFrm.h">
      <Filter>Header Files</Filter>
    </ClInclude>
    <ClInclude Include="StageInstrumentDoc.h">
      <Filter>Header Files</Filter>
    </ClInclude>
    <ClInclude Include="StageInstrumentView.h">
      <Filter>Header Files</Filter>
    </ClInclude>
    <ClInclude Include="Resource.h">
      <Filter>Header Files</Filter>
    </ClInclude>
    <ClInclude Include="calendarbar.h">
      <Filter>Header Files</Filter>
    </ClInclude>
    <ClInclude Include="pch.h">
      <Filter>Header Files</Filter>
    </ClInclude>
    <ClInclude Include="PropertiesWnd.h">
      <Filter>Header Files</Filter>
    </ClInclude>
    <ClInclude Include="BasicParameterPane.h">
      <Filter>Header Files</Filter>
    </ClInclude>
    <ClInclude Include="ViewTree.h">
      <Filter>Header Files</Filter>
    </ClInclude>
    <ClInclude Include="CameraFormView.h">
      <Filter>Header Files</Filter>
    </ClInclude>
    <ClInclude Include="DigitalEdit.h">
      <Filter>Header Files</Filter>
    </ClInclude>
    <ClInclude Include="AutoMeasureBox.h">
      <Filter>Header Files</Filter>
    </ClInclude>
    <ClInclude Include="ColorStatic.h">
      <Filter>Header Files</Filter>
    </ClInclude>
    <ClInclude Include="MeasureOptionsBox.h">
      <Filter>Header Files</Filter>
    </ClInclude>
    <ClInclude Include="graph\gruler.h">
      <Filter>2DPlot</Filter>
    </ClInclude>
    <ClInclude Include="graph\pch.h">
      <Filter>2DPlot</Filter>
    </ClInclude>
    <ClInclude Include="graph\points.h">
      <Filter>2DPlot</Filter>
    </ClInclude>
    <ClInclude Include="graph\pviewbar.h">
      <Filter>2DPlot</Filter>
    </ClInclude>
    <ClInclude Include="graph\sizecbar.h">
      <Filter>2DPlot</Filter>
    </ClInclude>
    <ClInclude Include="graph\coords.h">
      <Filter>2DPlot</Filter>
    </ClInclude>
    <ClInclude Include="graph\f2doff.h">
      <Filter>2DPlot</Filter>
    </ClInclude>
    <ClInclude Include="graph\gen_prop_dlgs.h">
      <Filter>2DPlot</Filter>
    </ClInclude>
    <ClInclude Include="graph\graph_general.h">
      <Filter>2DPlot</Filter>
    </ClInclude>
    <ClInclude Include="graph\graph_props.h">
      <Filter>2DPlot</Filter>
    </ClInclude>
    <ClInclude Include="graph\graphcombobox.h">
      <Filter>2DPlot</Filter>
    </ClInclude>
    <ClInclude Include="graph\GraphContainer.h">
      <Filter>2DPlot</Filter>
    </ClInclude>
    <ClInclude Include="graph\GraphFrame.h">
      <Filter>2DPlot</Filter>
    </ClInclude>
    <ClInclude Include="graph\graphpanel.h">
      <Filter>2DPlot</Filter>
    </ClInclude>
    <ClInclude Include="graph\GraphWnd.h">
      <Filter>2DPlot</Filter>
    </ClInclude>
    <ClInclude Include="MeasureSetupBar.h">
      <Filter>Header Files</Filter>
    </ClInclude>
    <ClInclude Include="MeasureParamFormView.h">
      <Filter>Header Files</Filter>
    </ClInclude>
    <ClInclude Include="MeasureDetailedParameterFormView.h">
      <Filter>Header Files</Filter>
    </ClInclude>
    <ClInclude Include="AdvancedParameterFormView.h">
      <Filter>Header Files</Filter>
    </ClInclude>
    <ClInclude Include="StepProfilerInterface.h">
      <Filter>Header Files</Filter>
    </ClInclude>
  </ItemGroup>
  <ItemGroup>
    <ClCompile Include="StageInstrument.cpp">
      <Filter>Source Files</Filter>
    </ClCompile>
    <ClCompile Include="MainFrm.cpp">
      <Filter>Source Files</Filter>
    </ClCompile>
    <ClCompile Include="ChildFrm.cpp">
      <Filter>Source Files</Filter>
    </ClCompile>
    <ClCompile Include="StageInstrumentDoc.cpp">
      <Filter>Source Files</Filter>
    </ClCompile>
    <ClCompile Include="StageInstrumentView.cpp">
      <Filter>Source Files</Filter>
    </ClCompile>
    <ClCompile Include="calendarbar.cpp">
      <Filter>Source Files</Filter>
    </ClCompile>
    <ClCompile Include="pch.cpp">
      <Filter>Source Files</Filter>
    </ClCompile>
    <ClCompile Include="PropertiesWnd.cpp">
      <Filter>Source Files</Filter>
    </ClCompile>
    <ClCompile Include="BasicParameterPane.cpp">
      <Filter>Source Files</Filter>
    </ClCompile>
    <ClCompile Include="ViewTree.cpp">
      <Filter>Source Files</Filter>
    </ClCompile>
    <ClCompile Include="CameraFormView.cpp">
      <Filter>Source Files</Filter>
    </ClCompile>
    <ClCompile Include="DigitalEdit.cpp">
      <Filter>Source Files</Filter>
    </ClCompile>
    <ClCompile Include="AutoMeasureBox.cpp">
      <Filter>Source Files</Filter>
    </ClCompile>
    <ClCompile Include="ColorStatic.cpp">
      <Filter>Source Files</Filter>
    </ClCompile>
    <ClCompile Include="MeasureOptionsBox.cpp">
      <Filter>Source Files</Filter>
    </ClCompile>
    <ClCompile Include="graph\gruler.cpp">
      <Filter>2DPlot</Filter>
    </ClCompile>
    <ClCompile Include="graph\points.cpp">
      <Filter>2DPlot</Filter>
    </ClCompile>
    <ClCompile Include="graph\pviewbar.cpp">
      <Filter>2DPlot</Filter>
    </ClCompile>
    <ClCompile Include="graph\sizecbar.cpp">
      <Filter>2DPlot</Filter>
    </ClCompile>
    <ClCompile Include="graph\coords.cpp">
      <Filter>2DPlot</Filter>
    </ClCompile>
    <ClCompile Include="graph\f2doff.cpp">
      <Filter>2DPlot</Filter>
    </ClCompile>
    <ClCompile Include="graph\gen_prop_dlgs.cpp">
      <Filter>2DPlot</Filter>
    </ClCompile>
    <ClCompile Include="graph\graph_general.cpp">
      <Filter>2DPlot</Filter>
    </ClCompile>
    <ClCompile Include="graph\graph_props.cpp">
      <Filter>2DPlot</Filter>
    </ClCompile>
    <ClCompile Include="graph\graphcombobox.cpp">
      <Filter>2DPlot</Filter>
    </ClCompile>
    <ClCompile Include="graph\GraphContainer.cpp">
      <Filter>2DPlot</Filter>
    </ClCompile>
    <ClCompile Include="graph\GraphFrame.cpp">
      <Filter>2DPlot</Filter>
    </ClCompile>
    <ClCompile Include="graph\graphpanel.cpp">
      <Filter>2DPlot</Filter>
    </ClCompile>
    <ClCompile Include="graph\GraphWnd.cpp">
      <Filter>2DPlot</Filter>
    </ClCompile>
    <ClCompile Include="MeasureSetupBar.cpp">
      <Filter>Source Files</Filter>
    </ClCompile>
    <ClCompile Include="MeasureParamFormView.cpp">
      <Filter>Source Files</Filter>
    </ClCompile>
    <ClCompile Include="MeasureDetailedParameterFormView.cpp">
      <Filter>Source Files</Filter>
    </ClCompile>
    <ClCompile Include="AdvancedParameterFormView.cpp">
      <Filter>Source Files</Filter>
    </ClCompile>
    <ClCompile Include="StepProfilerInterface_client.cpp">
      <Filter>Source Files</Filter>
    </ClCompile>
  </ItemGroup>
  <ItemGroup>
    <ResourceCompile Include="StageInstrument.rc">
      <Filter>Resource Files</Filter>
    </ResourceCompile>
  </ItemGroup>
  <ItemGroup>
    <Image Include="res\nav_large.bmp">
      <Filter>Resource Files</Filter>
    </Image>
    <Image Include="res\nav_large_hc.bmp">
      <Filter>Resource Files</Filter>
    </Image>
    <Image Include="res\pages.bmp">
      <Filter>Resource Files</Filter>
    </Image>
    <Image Include="res\pages_hc.bmp">
      <Filter>Resource Files</Filter>
    </Image>
    <Image Include="res\pages_small.bmp">
      <Filter>Resource Files</Filter>
    </Image>
    <Image Include="res\pages_small_hc.bmp">
      <Filter>Resource Files</Filter>
    </Image>
    <Image Include="res\info.bmp">
      <Filter>Resource Files</Filter>
    </Image>
    <Image Include="res\buttons.bmp">
      <Filter>Resource Files</Filter>
    </Image>
    <Image Include="res\filelarge.bmp">
      <Filter>Resource Files</Filter>
    </Image>
    <Image Include="res\filesmall.bmp">
      <Filter>Resource Files</Filter>
    </Image>
    <Image Include="res\main.bmp">
      <Filter>Resource Files</Filter>
    </Image>
    <Image Include="res\writelarge.bmp">
      <Filter>Resource Files</Filter>
    </Image>
    <Image Include="res\writesmall.bmp">
      <Filter>Resource Files</Filter>
    </Image>
    <Image Include="res\StageInstrumentDoc.ico">
      <Filter>Resource Files</Filter>
    </Image>
    <Image Include="res\StageInstrument.ico">
      <Filter>Resource Files</Filter>
    </Image>
    <Image Include="res\Toolbar.bmp">
      <Filter>Resource Files</Filter>
    </Image>
    <Image Include="res\Toolbar256.bmp">
      <Filter>Resource Files</Filter>
    </Image>
    <Image Include="res\properties.bmp">
      <Filter>Resource Files</Filter>
    </Image>
    <Image Include="res\properties_hc.bmp">
      <Filter>Resource Files</Filter>
    </Image>
    <Image Include="res\toolbar1.bmp">
      <Filter>Resource Files</Filter>
    </Image>
    <Image Include="res\sort.bmp">
      <Filter>Resource Files</Filter>
    </Image>
    <Image Include="res\classview.bmp">
      <Filter>Resource Files</Filter>
    </Image>
    <Image Include="res\classview_hc.bmp">
      <Filter>Resource Files</Filter>
    </Image>
    <Image Include="res\sort_hc.bmp">
      <Filter>Resource Files</Filter>
    </Image>
    <Image Include="res\fileview.bmp">
      <Filter>Resource Files</Filter>
    </Image>
    <Image Include="res\fileview_hc.bmp">
      <Filter>Resource Files</Filter>
    </Image>
    <Image Include="res\explorer_hc.bmp">
      <Filter>Resource Files</Filter>
    </Image>
    <Image Include="res\toolbar2.bmp">
      <Filter>Resource Files</Filter>
    </Image>
    <Image Include="res\explorer.bmp">
      <Filter>Resource Files</Filter>
    </Image>
    <Image Include="res\class_view_hc.ico">
      <Filter>Resource Files</Filter>
    </Image>
    <Image Include="res\icon1.ico">
      <Filter>Resource Files</Filter>
    </Image>
    <Image Include="res\file_view_hc.ico">
      <Filter>Resource Files</Filter>
    </Image>
    <Image Include="res\output_wnd_hc.ico">
      <Filter>Resource Files</Filter>
    </Image>
    <Image Include="res\properties_wnd_hc.ico">
      <Filter>Resource Files</Filter>
    </Image>
    <Image Include="res\bitmap1.bmp">
      <Filter>Resource Files</Filter>
    </Image>
    <Image Include="res\Analysis.bmp">
      <Filter>Resource Files</Filter>
    </Image>
    <Image Include="res\Analysis.png">
      <Filter>Resource Files</Filter>
    </Image>
    <Image Include="res\DeviceStatus_hc.png">
      <Filter>Resource Files</Filter>
    </Image>
    <Image Include="res\tower_up.bmp">
      <Filter>Resource Files</Filter>
    </Image>
    <Image Include="res\tower_down.bmp">
      <Filter>Resource Files</Filter>
    </Image>
    <Image Include="res\tower_home.bmp">
      <Filter>Resource Files</Filter>
    </Image>
    <Image Include="res\load_sample.bmp">
      <Filter>Resource Files</Filter>
    </Image>
    <Image Include="res\unload_sample.bmp">
      <Filter>Resource Files</Filter>
    </Image>
    <Image Include="res\make_horizontal.bmp">
      <Filter>Resource Files</Filter>
    </Image>
  </ItemGroup>
  <ItemGroup>
    <None Include="res\ribbon.mfcribbon-ms">
      <Filter>Resource Files</Filter>
    </None>
    <None Include="res\StageInstrument.rc2">
      <Filter>Resource Files</Filter>
    </None>
  </ItemGroup>
</Project>